{
  "version": 4,
  "terraform_version": "0.13.4",
  "serial": 2,
  "lineage": "293eaf85-f0cc-39f4-a3d4-ab9517158631",
  "outputs": {},
  "resources": [
    {
      "mode": "managed",
      "type": "aws_key_pair",
      "name": "my_pair",
      "provider": "provider[\"registry.terraform.io/hashicorp/aws\"]",
      "instances": [
        {
          "schema_version": 1,
          "attributes": {
            "arn": "arn:aws:ec2:us-east-1:949832723040:key-pair/my_pair",
            "fingerprint": "de:75:0d:8f:2a:5c:09:32:a9:48:99:6b:f8:e5:84:4b",
            "id": "my_pair",
            "key_name": "my_pair",
            "key_name_prefix": null,
            "key_pair_id": "key-058d80b184ba49d22",
            "public_key": "ssh-rsa AAAAB3NzaC1yc2EAAAADAQABAAABAQDVY84kpzxZ9kfvs4YhUMaUn2JAUdm1PB2VqA3TQnY9C6O+zBj+laCzSYs/fx0aW9AwDIYtQxQpfFWUmOY4SIiGy+LxQyhh4dPvFNCYTZdADTbg2AccR+xRCDZI8nrMDYZd/IrF+jetHyXDQFsrozwX7bfXpRYcgoEExVlF5h+e0cEjfOTB+mXqTOlTMR5cTBif8o4hATtrBTMdDVpJIvj0CzLtz6ztoPlnWmqX/7pBSMSgg63amiX35Cq8LbfS1Vl2tDUsYLG26h+fF7vUpvNJ4fvrnz84lOqDq9oGPdV47k/kFtrs6bUcEG6frYNW3jojVqOJBHnZcqMCsHHQ3FBl ubuntu@ip-172-31-37-188",
            "tags": null
          },
          "private": "eyJzY2hlbWFfdmVyc2lvbiI6IjEifQ=="
        }
      ]
    }
  ]
}
